
Microsoft Visual Studio Solution File, Format Version 12.00
# Visual Studio Version 17
VisualStudioVersion = 17.11.35312.102
MinimumVisualStudioVersion = 10.0.40219.1
Project("{FAE04EC0-301F-11D3-BF4B-00C04F79EFBC}") = "BulbPicker.App", "BulbPicker.App\BulbPicker.App.csproj", "{114413FE-CC2E-4E17-B9A7-26042020CA9A}"
EndProject
Global
	GlobalSection(SolutionConfigurationPlatforms) = preSolution
		Debug|Any CPU = Debug|Any CPU
		Release|Any CPU = Release|Any CPU
	EndGlobalSection
	GlobalSection(ProjectConfigurationPlatforms) = postSolution
		{114413FE-CC2E-4E17-B9A7-26042020CA9A}.Debug|Any CPU.ActiveCfg = Debug|Any CPU
		{114413FE-CC2E-4E17-B9A7-26042020CA9A}.Debug|Any CPU.Build.0 = Debug|Any CPU
		{114413FE-CC2E-4E17-B9A7-26042020CA9A}.Release|Any CPU.ActiveCfg = Release|Any CPU
		{114413FE-CC2E-4E17-B9A7-26042020CA9A}.Release|Any CPU.Build.0 = Release|Any CPU
	EndGlobalSection
	GlobalSection(SolutionProperties) = preSolution
		HideSolutionNode = FALSE
	EndGlobalSection
	GlobalSection(ExtensibilityGlobals) = postSolution
		SolutionGuid = {9F39E353-3CAC-4B1E-8BA3-78A90FCB45B0}
	EndGlobalSection
EndGlobal
